// !$*UTF8*$!
{
	archiveVersion = 1;
	classes = {
	};
	objectVersion = 50;
	objects = {

/* Begin PBXBuildFile section */
		CE278A682537AB310016CD09 /* AppDelegate.swift in Sources */ = {isa = PBXBuildFile; fileRef = CE278A672537AB310016CD09 /* AppDelegate.swift */; };
		CE278A6A2537AB310016CD09 /* SceneDelegate.swift in Sources */ = {isa = PBXBuildFile; fileRef = CE278A692537AB310016CD09 /* SceneDelegate.swift */; };
		CE278A6C2537AB310016CD09 /* FirstViewController.swift in Sources */ = {isa = PBXBuildFile; fileRef = CE278A6B2537AB310016CD09 /* FirstViewController.swift */; };
		CE278A6F2537AB310016CD09 /* Main.storyboard in Resources */ = {isa = PBXBuildFile; fileRef = CE278A6D2537AB310016CD09 /* Main.storyboard */; };
		CE278A712537AB350016CD09 /* Assets.xcassets in Resources */ = {isa = PBXBuildFile; fileRef = CE278A702537AB350016CD09 /* Assets.xcassets */; };
		CE278A742537AB350016CD09 /* LaunchScreen.storyboard in Resources */ = {isa = PBXBuildFile; fileRef = CE278A722537AB350016CD09 /* LaunchScreen.storyboard */; };
		CE278A7F2537AB350016CD09 /* My_AssignmentTests.swift in Sources */ = {isa = PBXBuildFile; fileRef = CE278A7E2537AB350016CD09 /* My_AssignmentTests.swift */; };
		CE278A8A2537AB360016CD09 /* My_AssignmentUITests.swift in Sources */ = {isa = PBXBuildFile; fileRef = CE278A892537AB360016CD09 /* My_AssignmentUITests.swift */; };
		CE278AA92537B55C0016CD09 /* SecondViewController.swift in Sources */ = {isa = PBXBuildFile; fileRef = CE278AA82537B55C0016CD09 /* SecondViewController.swift */; };
		CE4B828C2537BFC900DA339C /* Types.swift in Sources */ = {isa = PBXBuildFile; fileRef = CE4B828B2537BFC900DA339C /* Types.swift */; };
/* End PBXBuildFile section */

/* Begin PBXContainerItemProxy section */
		CE278A7B2537AB350016CD09 /* PBXContainerItemProxy */ = {
			isa = PBXContainerItemProxy;
			containerPortal = CE278A5C2537AB310016CD09 /* Project object */;
			proxyType = 1;
			remoteGlobalIDString = CE278A632537AB310016CD09;
			remoteInfo = My_Assignment;
		};
		CE278A862537AB350016CD09 /* PBXContainerItemProxy */ = {
			isa = PBXContainerItemProxy;
			containerPortal = CE278A5C2537AB310016CD09 /* Project object */;
			proxyType = 1;
			remoteGlobalIDString = CE278A632537AB310016CD09;
			remoteInfo = My_Assignment;
		};
/* End PBXContainerItemProxy section */

/* Begin PBXFileReference section */
		CE278A642537AB310016CD09 /* My_Assignment.app */ = {isa = PBXFileReference; explicitFileType = wrapper.application; includeInIndex = 0; path = My_Assignment.app; sourceTree = BUILT_PRODUCTS_DIR; };
		CE278A672537AB310016CD09 /* AppDelegate.swift */ = {isa = PBXFileReference; lastKnownFileType = sourcecode.swift; path = AppDelegate.swift; sourceTree = "<group>"; };
		CE278A692537AB310016CD09 /* SceneDelegate.swift */ = {isa = PBXFileReference; lastKnownFileType = sourcecode.swift; path = SceneDelegate.swift; sourceTree = "<group>"; };
		CE278A6B2537AB310016CD09 /* FirstViewController.swift */ = {isa = PBXFileReference; lastKnownFileType = sourcecode.swift; path = FirstViewController.swift; sourceTree = "<group>"; };
		CE278A6E2537AB310016CD09 /* Base */ = {isa = PBXFileReference; lastKnownFileType = file.storyboard; name = Base; path = Base.lproj/Main.storyboard; sourceTree = "<group>"; };
		CE278A702537AB350016CD09 /* Assets.xcassets */ = {isa = PBXFileReference; lastKnownFileType = folder.assetcatalog; path = Assets.xcassets; sourceTree = "<group>"; };
		CE278A732537AB350016CD09 /* Base */ = {isa = PBXFileReference; lastKnownFileType = file.storyboard; name = Base; path = Base.lproj/LaunchScreen.storyboard; sourceTree = "<group>"; };
		CE278A752537AB350016CD09 /* Info.plist */ = {isa = PBXFileReference; lastKnownFileType = text.plist.xml; path = Info.plist; sourceTree = "<group>"; };
		CE278A7A2537AB350016CD09 /* My_AssignmentTests.xctest */ = {isa = PBXFileReference; explicitFileType = wrapper.cfbundle; includeInIndex = 0; path = My_AssignmentTests.xctest; sourceTree = BUILT_PRODUCTS_DIR; };
		CE278A7E2537AB350016CD09 /* My_AssignmentTests.swift */ = {isa = PBXFileReference; lastKnownFileType = sourcecode.swift; path = My_AssignmentTests.swift; sourceTree = "<group>"; };
		CE278A802537AB350016CD09 /* Info.plist */ = {isa = PBXFileReference; lastKnownFileType = text.plist.xml; path = Info.plist; sourceTree = "<group>"; };
		CE278A852537AB350016CD09 /* My_AssignmentUITests.xctest */ = {isa = PBXFileReference; explicitFileType = wrapper.cfbundle; includeInIndex = 0; path = My_AssignmentUITests.xctest; sourceTree = BUILT_PRODUCTS_DIR; };
		CE278A892537AB360016CD09 /* My_AssignmentUITests.swift */ = {isa = PBXFileReference; lastKnownFileType = sourcecode.swift; path = My_AssignmentUITests.swift; sourceTree = "<group>"; };
		CE278A8B2537AB360016CD09 /* Info.plist */ = {isa = PBXFileReference; lastKnownFileType = text.plist.xml; path = Info.plist; sourceTree = "<group>"; };
		CE278AA82537B55C0016CD09 /* SecondViewController.swift */ = {isa = PBXFileReference; lastKnownFileType = sourcecode.swift; path = SecondViewController.swift; sourceTree = "<group>"; };
		CE4B828B2537BFC900DA339C /* Types.swift */ = {isa = PBXFileReference; lastKnownFileType = sourcecode.swift; path = Types.swift; sourceTree = "<group>"; };
/* End PBXFileReference section */

/* Begin PBXFrameworksBuildPhase section */
		CE278A612537AB310016CD09 /* Frameworks */ = {
			isa = PBXFrameworksBuildPhase;
			buildActionMask = 2147483647;
			files = (
			);
			runOnlyForDeploymentPostprocessing = 0;
		};
		CE278A772537AB350016CD09 /* Frameworks */ = {
			isa = PBXFrameworksBuildPhase;
			buildActionMask = 2147483647;
			files = (
			);
			runOnlyForDeploymentPostprocessing = 0;
		};
		CE278A822537AB350016CD09 /* Frameworks */ = {
			isa = PBXFrameworksBuildPhase;
			buildActionMask = 2147483647;
			files = (
			);
			runOnlyForDeploymentPostprocessing = 0;
		};
/* End PBXFrameworksBuildPhase section */

/* Begin PBXGroup section */
		CE278A5B2537AB310016CD09 = {
			isa = PBXGroup;
			children = (
				CE278A662537AB310016CD09 /* My_Assignment */,
				CE278A7D2537AB350016CD09 /* My_AssignmentTests */,
				CE278A882537AB360016CD09 /* My_AssignmentUITests */,
				CE278A652537AB310016CD09 /* Products */,
			);
			sourceTree = "<group>";
		};
		CE278A652537AB310016CD09 /* Products */ = {
			isa = PBXGroup;
			children = (
				CE278A642537AB310016CD09 /* My_Assignment.app */,
				CE278A7A2537AB350016CD09 /* My_AssignmentTests.xctest */,
				CE278A852537AB350016CD09 /* My_AssignmentUITests.xctest */,
			);
			name = Products;
			sourceTree = "<group>";
		};
		CE278A662537AB310016CD09 /* My_Assignment */ = {
			isa = PBXGroup;
			children = (
				CE278A672537AB310016CD09 /* AppDelegate.swift */,
				CE278A692537AB310016CD09 /* SceneDelegate.swift */,
				CE278A6D2537AB310016CD09 /* Main.storyboard */,
				CE278A702537AB350016CD09 /* Assets.xcassets */,
				CE278A722537AB350016CD09 /* LaunchScreen.storyboard */,
				CE278A6B2537AB310016CD09 /* FirstViewController.swift */,
				CE278AA82537B55C0016CD09 /* SecondViewController.swift */,
				CE4B828B2537BFC900DA339C /* Types.swift */,
				CE278A752537AB350016CD09 /* Info.plist */,
			);
			path = My_Assignment;
			sourceTree = "<group>";
		};
		CE278A7D2537AB350016CD09 /* My_AssignmentTests */ = {
			isa = PBXGroup;
			children = (
				CE278A7E2537AB350016CD09 /* My_AssignmentTests.swift */,
				CE278A802537AB350016CD09 /* Info.plist */,
			);
			path = My_AssignmentTests;
			sourceTree = "<group>";
		};
		CE278A882537AB360016CD09 /* My_AssignmentUITests */ = {
			isa = PBXGroup;
			children = (
				CE278A892537AB360016CD09 /* My_AssignmentUITests.swift */,
				CE278A8B2537AB360016CD09 /* Info.plist */,
			);
			path = My_AssignmentUITests;
			sourceTree = "<group>";
		};
/* End PBXGroup section */

/* Begin PBXNativeTarget section */
		CE278A632537AB310016CD09 /* My_Assignment */ = {
			isa = PBXNativeTarget;
			buildConfigurationList = CE278A8E2537AB360016CD09 /* Build configuration list for PBXNativeTarget "My_Assignment" */;
			buildPhases = (
				CE278A602537AB310016CD09 /* Sources */,
				CE278A612537AB310016CD09 /* Frameworks */,
				CE278A622537AB310016CD09 /* Resources */,
			);
			buildRules = (
			);
			dependencies = (
			);
			name = My_Assignment;
			productName = My_Assignment;
			productReference = CE278A642537AB310016CD09 /* My_Assignment.app */;
			productType = "com.apple.product-type.application";
		};
		CE278A792537AB350016CD09 /* My_AssignmentTests */ = {
			isa = PBXNativeTarget;
			buildConfigurationList = CE278A912537AB360016CD09 /* Build configuration list for PBXNativeTarget "My_AssignmentTests" */;
			buildPhases = (
				CE278A762537AB350016CD09 /* Sources */,
				CE278A772537AB350016CD09 /* Frameworks */,
				CE278A782537AB350016CD09 /* Resources */,
			);
			buildRules = (
			);
			dependencies = (
				CE278A7C2537AB350016CD09 /* PBXTargetDependency */,
			);
			name = My_AssignmentTests;
			productName = My_AssignmentTests;
			productReference = CE278A7A2537AB350016CD09 /* My_AssignmentTests.xctest */;
			productType = "com.apple.product-type.bundle.unit-test";
		};
		CE278A842537AB350016CD09 /* My_AssignmentUITests */ = {
			isa = PBXNativeTarget;
			buildConfigurationList = CE278A942537AB360016CD09 /* Build configuration list for PBXNativeTarget "My_AssignmentUITests" */;
			buildPhases = (
				CE278A812537AB350016CD09 /* Sources */,
				CE278A822537AB350016CD09 /* Frameworks */,
				CE278A832537AB350016CD09 /* Resources */,
			);
			buildRules = (
			);
			dependencies = (
				CE278A872537AB350016CD09 /* PBXTargetDependency */,
			);
			name = My_AssignmentUITests;
			productName = My_AssignmentUITests;
			productReference = CE278A852537AB350016CD09 /* My_AssignmentUITests.xctest */;
			productType = "com.apple.product-type.bundle.ui-testing";
		};
/* End PBXNativeTarget section */

/* Begin PBXProject section */
		CE278A5C2537AB310016CD09 /* Project object */ = {
			isa = PBXProject;
			attributes = {
				LastSwiftUpdateCheck = 1200;
				LastUpgradeCheck = 1200;
				TargetAttributes = {
					CE278A632537AB310016CD09 = {
						CreatedOnToolsVersion = 12.0.1;
					};
					CE278A792537AB350016CD09 = {
						CreatedOnToolsVersion = 12.0.1;
						TestTargetID = CE278A632537AB310016CD09;
					};
					CE278A842537AB350016CD09 = {
						CreatedOnToolsVersion = 12.0.1;
						TestTargetID = CE278A632537AB310016CD09;
					};
				};
			};
			buildConfigurationList = CE278A5F2537AB310016CD09 /* Build configuration list for PBXProject "My_Assignment" */;
			compatibilityVersion = "Xcode 9.3";
			developmentRegion = en;
			hasScannedForEncodings = 0;
			knownRegions = (
				en,
				Base,
			);
			mainGroup = CE278A5B2537AB310016CD09;
			productRefGroup = CE278A652537AB310016CD09 /* Products */;
			projectDirPath = "";
			projectRoot = "";
			targets = (
				CE278A632537AB310016CD09 /* My_Assignment */,
				CE278A792537AB350016CD09 /* My_AssignmentTests */,
				CE278A842537AB350016CD09 /* My_AssignmentUITests */,
			);
		};
/* End PBXProject section */

/* Begin PBXResourcesBuildPhase section */
		CE278A622537AB310016CD09 /* Resources */ = {
			isa = PBXResourcesBuildPhase;
			buildActionMask = 2147483647;
			files = (
				CE278A742537AB350016CD09 /* LaunchScreen.storyboard in Resources */,
				CE278A712537AB350016CD09 /* Assets.xcassets in Resources */,
				CE278A6F2537AB310016CD09 /* Main.storyboard in Resources */,
			);
			runOnlyForDeploymentPostprocessing = 0;
		};
		CE278A782537AB350016CD09 /* Resources */ = {
			isa = PBXResourcesBuildPhase;
			buildActionMask = 2147483647;
			files = (
			);
			runOnlyForDeploymentPostprocessing = 0;
		};
		CE278A832537AB350016CD09 /* Resources */ = {
			isa = PBXResourcesBuildPhase;
			buildActionMask = 2147483647;
			files = (
			);
			runOnlyForDeploymentPostprocessing = 0;
		};
/* End PBXResourcesBuildPhase section */

/* Begin PBXSourcesBuildPhase section */
		CE278A602537AB310016CD09 /* Sources */ = {
			isa = PBXSourcesBuildPhase;
			buildActionMask = 2147483647;
			files = (
				CE278AA92537B55C0016CD09 /* SecondViewController.swift in Sources */,
				CE278A6C2537AB310016CD09 /* FirstViewController.swift in Sources */,
				CE278A682537AB310016CD09 /* AppDelegate.swift in Sources */,
				CE4B828C2537BFC900DA339C /* Types.swift in Sources */,
				CE278A6A2537AB310016CD09 /* SceneDelegate.swift in Sources */,
			);
			runOnlyForDeploymentPostprocessing = 0;
		};
		CE278A762537AB350016CD09 /* Sources */ = {
			isa = PBXSourcesBuildPhase;
			buildActionMask = 2147483647;
			files = (
				CE278A7F2537AB350016CD09 /* My_AssignmentTests.swift in Sources */,
			);
			runOnlyForDeploymentPostprocessing = 0;
		};
		CE278A812537AB350016CD09 /* Sources */ = {
			isa = PBXSourcesBuildPhase;
			buildActionMask = 2147483647;
			files = (
				CE278A8A2537AB360016CD09 /* My_AssignmentUITests.swift in Sources */,
			);
			runOnlyForDeploymentPostprocessing = 0;
		};
/* End PBXSourcesBuildPhase section */

/* Begin PBXTargetDependency section */
		CE278A7C2537AB350016CD09 /* PBXTargetDependency */ = {
			isa = PBXTargetDependency;
			target = CE278A632537AB310016CD09 /* My_Assignment */;
			targetProxy = CE278A7B2537AB350016CD09 /* PBXContainerItemProxy */;
		};
		CE278A872537AB350016CD09 /* PBXTargetDependency */ = {
			isa = PBXTargetDependency;
			target = CE278A632537AB310016CD09 /* My_Assignment */;
			targetProxy = CE278A862537AB350016CD09 /* PBXContainerItemProxy */;
		};
/* End PBXTargetDependency section */

/* Begin PBXVariantGroup section */
		CE278A6D2537AB310016CD09 /* Main.storyboard */ = {
			isa = PBXVariantGroup;
			children = (
				CE278A6E2537AB310016CD09 /* Base */,
			);
			name = Main.storyboard;
			sourceTree = "<group>";
		};
		CE278A722537AB350016CD09 /* LaunchScreen.storyboard */ = {
			isa = PBXVariantGroup;
			children = (
				CE278A732537AB350016CD09 /* Base */,
			);
			name = LaunchScreen.storyboard;
			sourceTree = "<group>";
		};
/* End PBXVariantGroup section */

/* Begin XCBuildConfiguration section */
		CE278A8C2537AB360016CD09 /* Debug */ = {
			isa = XCBuildConfiguration;
			buildSettings = {
				ALWAYS_SEARCH_USER_PATHS = NO;
				CLANG_ANALYZER_NONNULL = YES;
				CLANG_ANALYZER_NUMBER_OBJECT_CONVERSION = YES_AGGRESSIVE;
				CLANG_CXX_LANGUAGE_STANDARD = "gnu++14";
				CLANG_CXX_LIBRARY = "libc++";
				CLANG_ENABLE_MODULES = YES;
				CLANG_ENABLE_OBJC_ARC = YES;
				CLANG_ENABLE_OBJC_WEAK = YES;
				CLANG_WARN_BLOCK_CAPTURE_AUTORELEASING = YES;
				CLANG_WARN_BOOL_CONVERSION = YES;
				CLANG_WARN_COMMA = YES;
				CLANG_WARN_CONSTANT_CONVERSION = YES;
				CLANG_WARN_DEPRECATED_OBJC_IMPLEMENTATIONS = YES;
				CLANG_WARN_DIRECT_OBJC_ISA_USAGE = YES_ERROR;
				CLANG_WARN_DOCUMENTATION_COMMENTS = YES;
				CLANG_WARN_EMPTY_BODY = YES;
				CLANG_WARN_ENUM_CONVERSION = YES;
				CLANG_WARN_INFINITE_RECURSION = YES;
				CLANG_WARN_INT_CONVERSION = YES;
				CLANG_WARN_NON_LITERAL_NULL_CONVERSION = YES;
				CLANG_WARN_OBJC_IMPLICIT_RETAIN_SELF = YES;
				CLANG_WARN_OBJC_LITERAL_CONVERSION = YES;
				CLANG_WARN_OBJC_ROOT_CLASS = YES_ERROR;
				CLANG_WARN_QUOTED_INCLUDE_IN_FRAMEWORK_HEADER = YES;
				CLANG_WARN_RANGE_LOOP_ANALYSIS = YES;
				CLANG_WARN_STRICT_PROTOTYPES = YES;
				CLANG_WARN_SUSPICIOUS_MOVE = YES;
				CLANG_WARN_UNGUARDED_AVAILABILITY = YES_AGGRESSIVE;
				CLANG_WARN_UNREACHABLE_CODE = YES;
				CLANG_WARN__DUPLICATE_METHOD_MATCH = YES;
				COPY_PHASE_STRIP = NO;
				DEBUG_INFORMATION_FORMAT = dwarf;
				ENABLE_STRICT_OBJC_MSGSEND = YES;
				ENABLE_TESTABILITY = YES;
				GCC_C_LANGUAGE_STANDARD = gnu11;
				GCC_DYNAMIC_NO_PIC = NO;
				GCC_NO_COMMON_BLOCKS = YES;
				GCC_OPTIMIZATION_LEVEL = 0;
				GCC_PREPROCESSOR_DEFINITIONS = (
					"DEBUG=1",
					"$(inherited)",
				);
				GCC_WARN_64_TO_32_BIT_CONVERSION = YES;
				GCC_WARN_ABOUT_RETURN_TYPE = YES_ERROR;
				GCC_WARN_UNDECLARED_SELECTOR = YES;
				GCC_WARN_UNINITIALIZED_AUTOS = YES_AGGRESSIVE;
				GCC_WARN_UNUSED_FUNCTION = YES;
				GCC_WARN_UNUSED_VARIABLE = YES;
				IPHONEOS_DEPLOYMENT_TARGET = 14.0;
				MTL_ENABLE_DEBUG_INFO = INCLUDE_SOURCE;
				MTL_FAST_MATH = YES;
				ONLY_ACTIVE_ARCH = YES;
				SDKROOT = iphoneos;
				SWIFT_ACTIVE_COMPILATION_CONDITIONS = DEBUG;
				SWIFT_OPTIMIZATION_LEVEL = "-Onone";
			};
			name = Debug;
		};
		CE278A8D2537AB360016CD09 /* Release */ = {
			isa = XCBuildConfiguration;
			buildSettings = {
				ALWAYS_SEARCH_USER_PATHS = NO;
				CLANG_ANALYZER_NONNULL = YES;
				CLANG_ANALYZER_NUMBER_OBJECT_CONVERSION = YES_AGGRESSIVE;
				CLANG_CXX_LANGUAGE_STANDARD = "gnu++14";
				CLANG_CXX_LIBRARY = "libc++";
				CLANG_ENABLE_MODULES = YES;
				CLANG_ENABLE_OBJC_ARC = YES;
				CLANG_ENABLE_OBJC_WEAK = YES;
				CLANG_WARN_BLOCK_CAPTURE_AUTORELEASING = YES;
				CLANG_WARN_BOOL_CONVERSION = YES;
				CLANG_WARN_COMMA = YES;
				CLANG_WARN_CONSTANT_CONVERSION = YES;
				CLANG_WARN_DEPRECATED_OBJC_IMPLEMENTATIONS = YES;
				CLANG_WARN_DIRECT_OBJC_ISA_USAGE = YES_ERROR;
				CLANG_WARN_DOCUMENTATION_COMMENTS = YES;
				CLANG_WARN_EMPTY_BODY = YES;
				CLANG_WARN_ENUM_CONVERSION = YES;
				CLANG_WARN_INFINITE_RECURSION = YES;
				CLANG_WARN_INT_CONVERSION = YES;
				CLANG_WARN_NON_LITERAL_NULL_CONVERSION = YES;
				CLANG_WARN_OBJC_IMPLICIT_RETAIN_SELF = YES;
				CLANG_WARN_OBJC_LITERAL_CONVERSION = YES;
				CLANG_WARN_OBJC_ROOT_CLASS = YES_ERROR;
				CLANG_WARN_QUOTED_INCLUDE_IN_FRAMEWORK_HEADER = YES;
				CLANG_WARN_RANGE_LOOP_ANALYSIS = YES;
				CLANG_WARN_STRICT_PROTOTYPES = YES;
				CLANG_WARN_SUSPICIOUS_MOVE = YES;
				CLANG_WARN_UNGUARDED_AVAILABILITY = YES_AGGRESSIVE;
				CLANG_WARN_UNREACHABLE_CODE = YES;
				CLANG_WARN__DUPLICATE_METHOD_MATCH = YES;
				COPY_PHASE_STRIP = NO;
				DEBUG_INFORMATION_FORMAT = "dwarf-with-dsym";
				ENABLE_NS_ASSERTIONS = NO;
				ENABLE_STRICT_OBJC_MSGSEND = YES;
				GCC_C_LANGUAGE_STANDARD = gnu11;
				GCC_NO_COMMON_BLOCKS = YES;
				GCC_WARN_64_TO_32_BIT_CONVERSION = YES;
				GCC_WARN_ABOUT_RETURN_TYPE = YES_ERROR;
				GCC_WARN_UNDECLARED_SELECTOR = YES;
				GCC_WARN_UNINITIALIZED_AUTOS = YES_AGGRESSIVE;
				GCC_WARN_UNUSED_FUNCTION = YES;
				GCC_WARN_UNUSED_VARIABLE = YES;
				IPHONEOS_DEPLOYMENT_TARGET = 14.0;
				MTL_ENABLE_DEBUG_INFO = NO;
				MTL_FAST_MATH = YES;
				SDKROOT = iphoneos;
				SWIFT_COMPILATION_MODE = wholemodule;
				SWIFT_OPTIMIZATION_LEVEL = "-O";
				VALIDATE_PRODUCT = YES;
			};
			name = Release;
		};
		CE278A8F2537AB360016CD09 /* Debug */ = {
			isa = XCBuildConfiguration;
			buildSettings = {
				ASSETCATALOG_COMPILER_APPICON_NAME = AppIcon;
				ASSETCATALOG_COMPILER_GLOBAL_ACCENT_COLOR_NAME = AccentColor;
				CODE_SIGN_STYLE = Automatic;
				INFOPLIST_FILE = My_Assignment/Info.plist;
				LD_RUNPATH_SEARCH_PATHS = (
					"$(inherited)",
					"@executable_path/Frameworks",
				);
				PRODUCT_BUNDLE_IDENTIFIER = "com.example.My-Assignment";
				PRODUCT_NAME = "$(TARGET_NAME)";
				SWIFT_VERSION = 5.0;
				TARGETED_DEVICE_FAMILY = "1,2";
			};
			name = Debug;
		};
		CE278A902537AB360016CD09 /* Release */ = {
			isa = XCBuildConfiguration;
			buildSettings = {
				ASSETCATALOG_COMPILER_APPICON_NAME = AppIcon;
				ASSETCATALOG_COMPILER_GLOBAL_ACCENT_COLOR_NAME = AccentColor;
				CODE_SIGN_STYLE = Automatic;
				INFOPLIST_FILE = My_Assignment/Info.plist;
				LD_RUNPATH_SEARCH_PATHS = (
					"$(inherited)",
					"@executable_path/Frameworks",
				);
				PRODUCT_BUNDLE_IDENTIFIER = "com.example.My-Assignment";
				PRODUCT_NAME = "$(TARGET_NAME)";
				SWIFT_VERSION = 5.0;
				TARGETED_DEVICE_FAMILY = "1,2";
			};
			name = Release;
		};
		CE278A922537AB360016CD09 /* Debug */ = {
			isa = XCBuildConfiguration;
			buildSettings = {
				ALWAYS_EMBED_SWIFT_STANDARD_LIBRARIES = YES;
				BUNDLE_LOADER = "$(TEST_HOST)";
				CODE_SIGN_STYLE = Automatic;
				INFOPLIST_FILE = My_AssignmentTests/Info.plist;
				IPHONEOS_DEPLOYMENT_TARGET = 14.0;
				LD_RUNPATH_SEARCH_PATHS = (
					"$(inherited)",
					"@executable_path/Frameworks",
					"@loader_path/Frameworks",
				);
				PRODUCT_BUNDLE_IDENTIFIER = "com.example.My-AssignmentTests";
				PRODUCT_NAME = "$(TARGET_NAME)";
				SWIFT_VERSION = 5.0;
				TARGETED_DEVICE_FAMILY = "1,2";
				TEST_HOST = "$(BUILT_PRODUCTS_DIR)/My_Assignment.app/My_Assignment";
			};
			name = Debug;
		};
		CE278A932537AB360016CD09 /* Release */ = {
			isa = XCBuildConfiguration;
			buildSettings = {
				ALWAYS_EMBED_SWIFT_STANDARD_LIBRARIES = YES;
				BUNDLE_LOADER = "$(TEST_HOST)";
				CODE_SIGN_STYLE = Automatic;
				INFOPLIST_FILE = My_AssignmentTests/Info.plist;
				IPHONEOS_DEPLOYMENT_TARGET = 14.0;
				LD_RUNPATH_SEARCH_PATHS = (
					"$(inherited)",
					"@executable_path/Frameworks",
					"@loader_path/Frameworks",
				);
				PRODUCT_BUNDLE_IDENTIFIER = "com.example.My-AssignmentTests";
				PRODUCT_NAME = "$(TARGET_NAME)";
				SWIFT_VERSION = 5.0;
				TARGETED_DEVICE_FAMILY = "1,2";
				TEST_HOST = "$(BUILT_PRODUCTS_DIR)/My_Assignment.app/My_Assignment";
			};
			name = Release;
		};
		CE278A952537AB360016CD09 /* Debug */ = {
			isa = XCBuildConfiguration;
			buildSettings = {
				ALWAYS_EMBED_SWIFT_STANDARD_LIBRARIES = YES;
				CODE_SIGN_STYLE = Automatic;
				INFOPLIST_FILE = My_AssignmentUITests/Info.plist;
				LD_RUNPATH_SEARCH_PATHS = (
					"$(inherited)",
					"@executable_path/Frameworks",
					"@loader_path/Frameworks",
				);
				PRODUCT_BUNDLE_IDENTIFIER = "com.example.My-AssignmentUITests";
				PRODUCT_NAME = "$(TARGET_NAME)";
				SWIFT_VERSION = 5.0;
				TARGETED_DEVICE_FAMILY = "1,2";
				TEST_TARGET_NAME = My_Assignment;
			};
			name = Debug;
		};
		CE278A962537AB360016CD09 /* Release */ = {
			isa = XCBuildConfiguration;
			buildSettings = {
				ALWAYS_EMBED_SWIFT_STANDARD_LIBRARIES = YES;
				CODE_SIGN_STYLE = Automatic;
				INFOPLIST_FILE = My_AssignmentUITests/Info.plist;
				LD_RUNPATH_SEARCH_PATHS = (
					"$(inherited)",
					"@executable_path/Frameworks",
					"@loader_path/Frameworks",
				);
				PRODUCT_BUNDLE_IDENTIFIER = "com.example.My-AssignmentUITests";
				PRODUCT_NAME = "$(TARGET_NAME)";
				SWIFT_VERSION = 5.0;
				TARGETED_DEVICE_FAMILY = "1,2";
				TEST_TARGET_NAME = My_Assignment;
			};
			name = Release;
		};
/* End XCBuildConfiguration section */

/* Begin XCConfigurationList section */
		CE278A5F2537AB310016CD09 /* Build configuration list for PBXProject "My_Assignment" */ = {
			isa = XCConfigurationList;
			buildConfigurations = (
				CE278A8C2537AB360016CD09 /* Debug */,
				CE278A8D2537AB360016CD09 /* Release */,
			);
			defaultConfigurationIsVisible = 0;
			defaultConfigurationName = Release;
		};
		CE278A8E2537AB360016CD09 /* Build configuration list for PBXNativeTarget "My_Assignment" */ = {
			isa = XCConfigurationList;
			buildConfigurations = (
				CE278A8F2537AB360016CD09 /* Debug */,
				CE278A902537AB360016CD09 /* Release */,
			);
			defaultConfigurationIsVisible = 0;
			defaultConfigurationName = Release;
		};
		CE278A912537AB360016CD09 /* Build configuration list for PBXNativeTarget "My_AssignmentTests" */ = {
			isa = XCConfigurationList;
			buildConfigurations = (
				CE278A922537AB360016CD09 /* Debug */,
				CE278A932537AB360016CD09 /* Release */,
			);
			defaultConfigurationIsVisible = 0;
			defaultConfigurationName = Release;
		};
		CE278A942537AB360016CD09 /* Build configuration list for PBXNativeTarget "My_AssignmentUITests" */ = {
			isa = XCConfigurationList;
			buildConfigurations = (
				CE278A952537AB360016CD09 /* Debug */,
				CE278A962537AB360016CD09 /* Release */,
			);
			defaultConfigurationIsVisible = 0;
			defaultConfigurationName = Release;
		};
/* End XCConfigurationList section */
	};
	rootObject = CE278A5C2537AB310016CD09 /* Project object */;
}
